<?xml version="1.0" encoding="utf-8"?>
<Project ToolsVersion="4.0" xmlns="http://schemas.microsoft.com/developer/msbuild/2003">
  <ItemGroup>
    <Filter Include="Source Files">
      <UniqueIdentifier>{4FC737F1-C7A5-4376-A066-2A32D752A2FF}</UniqueIdentifier>
      <Extensions>cpp;c;cc;cxx;def;odl;idl;hpj;bat;asm;asmx</Extensions>
    </Filter>
    <Filter Include="Header Files">
      <UniqueIdentifier>{93995380-89BD-4b04-88EB-625FBE52EBFB}</UniqueIdentifier>
      <Extensions>h;hh;hpp;hxx;hm;inl;inc;xsd</Extensions>
    </Filter>
    <Filter Include="Resource Files">
      <UniqueIdentifier>{67DA6AB6-F800-4c08-8B7A-83BB121AAD01}</UniqueIdentifier>
      <Extensions>rc;ico;cur;bmp;dlg;rc2;rct;bin;rgs;gif;jpg;jpeg;jpe;resx;tiff;tif;png;wav;mfcribbon-ms</Extensions>
    </Filter>
  </ItemGroup>
  <ItemGroup>
    <ClCompile Include="LoginForm.cpp">
      <Filter>Source Files</Filter>
    </ClCompile>
    <ClCompile Include="DisplayTrains.cpp">
      <Filter>Source Files</Filter>
    </ClCompile>
    <ClCompile Include="Files.cpp">
      <Filter>Source Files</Filter>
    </ClCompile>
    <ClCompile Include="Login.cpp">
      <Filter>Source Files</Filter>
    </ClCompile>
    <ClCompile Include="MyForm.cpp">
      <Filter>Source Files</Filter>
    </ClCompile>
    <ClCompile Include="AddTrains.cpp">
      <Filter>Source Files</Filter>
    </ClCompile>
    <ClCompile Include="DisplayPassengers.cpp">
      <Filter>Source Files</Filter>
    </ClCompile>
    <ClCompile Include="EditPassenger.cpp">
      <Filter>Source Files</Filter>
    </ClCompile>
    <ClCompile Include="PassengerForm.cpp">
      <Filter>Source Files</Filter>
    </ClCompile>
    <ClCompile Include="ViewRequests.cpp">
      <Filter>Source Files</Filter>
    </ClCompile>
    <ClCompile Include="AdminClass.cpp">
      <Filter>Source Files</Filter>
    </ClCompile>
    <ClCompile Include="PassengerClass.cpp">
      <Filter>Source Files</Filter>
    </ClCompile>
    <ClCompile Include="TrainClass.cpp">
      <Filter>Source Files</Filter>
    </ClCompile>
    <ClCompile Include="RequestClass.cpp">
      <Filter>Source Files</Filter>
    </ClCompile>
  </ItemGroup>
  <ItemGroup>
    <ClInclude Include="LoginForm.h">
      <Filter>Header Files</Filter>
    </ClInclude>
    <ClInclude Include="DisplayTrains.h">
      <Filter>Header Files</Filter>
    </ClInclude>
    <ClInclude Include="Files.h">
      <Filter>Header Files</Filter>
    </ClInclude>
    <ClInclude Include="Login.h">
      <Filter>Header Files</Filter>
    </ClInclude>
    <ClInclude Include="MyForm.h">
      <Filter>Header Files</Filter>
    </ClInclude>
    <ClInclude Include="DisplayPassengers.h">
      <Filter>Header Files</Filter>
    </ClInclude>
    <ClInclude Include="AddTrains.h">
      <Filter>Header Files</Filter>
    </ClInclude>
    <ClInclude Include="EditPassenger.h">
      <Filter>Header Files</Filter>
    </ClInclude>
    <ClInclude Include="PassengerForm.h">
      <Filter>Header Files</Filter>
    </ClInclude>
    <ClInclude Include="ViewRequests.h">
      <Filter>Header Files</Filter>
    </ClInclude>
    <ClInclude Include="AdminClass.h">
      <Filter>Header Files</Filter>
    </ClInclude>
    <ClInclude Include="PassengerClass.h">
      <Filter>Header Files</Filter>
    </ClInclude>
    <ClInclude Include="TrainClass.h">
      <Filter>Header Files</Filter>
    </ClInclude>
    <ClInclude Include="RequestClass.h">
      <Filter>Header Files</Filter>
    </ClInclude>
  </ItemGroup>
  <ItemGroup>
    <EmbeddedResource Include="DisplayTrains.resx">
      <Filter>Resource Files</Filter>
    </EmbeddedResource>
    <EmbeddedResource Include="LoginForm.resx">
      <Filter>Resource Files</Filter>
    </EmbeddedResource>
    <EmbeddedResource Include="MyForm.resx">
      <Filter>Resource Files</Filter>
    </EmbeddedResource>
    <EmbeddedResource Include="AddTrains.resx">
      <Filter>Resource Files</Filter>
    </EmbeddedResource>
    <EmbeddedResource Include="DisplayPassengers.resx">
      <Filter>Resource Files</Filter>
    </EmbeddedResource>
    <EmbeddedResource Include="EditPassenger.resx">
      <Filter>Resource Files</Filter>
    </EmbeddedResource>
    <EmbeddedResource Include="PassengerForm.resx">
      <Filter>Resource Files</Filter>
    </EmbeddedResource>
    <EmbeddedResource Include="ViewRequests.resx">
      <Filter>Resource Files</Filter>
    </EmbeddedResource>
  </ItemGroup>
</Project>